// !$*UTF8*$!
{
	archiveVersion = 1;
	classes = {
	};
	objectVersion = 55;
	objects = {

/* Begin PBXBuildFile section */
		EE7983D027214B7B0051FD59 /* AppDelegate.swift in Sources */ = {isa = PBXBuildFile; fileRef = EE7983CF27214B7B0051FD59 /* AppDelegate.swift */; };
		EE7983D227214B7B0051FD59 /* SceneDelegate.swift in Sources */ = {isa = PBXBuildFile; fileRef = EE7983D127214B7B0051FD59 /* SceneDelegate.swift */; };
		EE7983D427214B7B0051FD59 /* Contentview.swift in Sources */ = {isa = PBXBuildFile; fileRef = EE7983D327214B7B0051FD59 /* Contentview.swift */; };
		EE7983D927214B7D0051FD59 /* Assets.xcassets in Resources */ = {isa = PBXBuildFile; fileRef = EE7983D827214B7D0051FD59 /* Assets.xcassets */; };
		EE7983DC27214B7D0051FD59 /* LaunchScreen.storyboard in Resources */ = {isa = PBXBuildFile; fileRef = EE7983DA27214B7D0051FD59 /* LaunchScreen.storyboard */; };
		EE7983E427214CEB0051FD59 /* MainView.swift in Sources */ = {isa = PBXBuildFile; fileRef = EE7983E327214CEB0051FD59 /* MainView.swift */; };
		EE7983E6272157750051FD59 /* BlogPosts.swift in Sources */ = {isa = PBXBuildFile; fileRef = EE7983E5272157750051FD59 /* BlogPosts.swift */; };
		EE7983E827215D9A0051FD59 /* BlogPostCardMin.swift in Sources */ = {isa = PBXBuildFile; fileRef = EE7983E727215D9A0051FD59 /* BlogPostCardMin.swift */; };
		EE7983EA272162850051FD59 /* HexColorExtension.swift in Sources */ = {isa = PBXBuildFile; fileRef = EE7983E9272162850051FD59 /* HexColorExtension.swift */; };
		EE79AB8827229B7000579A71 /* BlogPostView.swift in Sources */ = {isa = PBXBuildFile; fileRef = EE79AB8727229B7000579A71 /* BlogPostView.swift */; };
		EE79AB8A2722A5B600579A71 /* AllPosts.swift in Sources */ = {isa = PBXBuildFile; fileRef = EE79AB892722A5B600579A71 /* AllPosts.swift */; };
		EE79AB8C2722A80000579A71 /* BlogPostCardList.swift in Sources */ = {isa = PBXBuildFile; fileRef = EE79AB8B2722A80000579A71 /* BlogPostCardList.swift */; };
/* End PBXBuildFile section */

/* Begin PBXFileReference section */
		EE7983CC27214B7B0051FD59 /* Instgram.app */ = {isa = PBXFileReference; explicitFileType = wrapper.application; includeInIndex = 0; path = Instgram.app; sourceTree = BUILT_PRODUCTS_DIR; };
		EE7983CF27214B7B0051FD59 /* AppDelegate.swift */ = {isa = PBXFileReference; lastKnownFileType = sourcecode.swift; path = AppDelegate.swift; sourceTree = "<group>"; };
		EE7983D127214B7B0051FD59 /* SceneDelegate.swift */ = {isa = PBXFileReference; lastKnownFileType = sourcecode.swift; path = SceneDelegate.swift; sourceTree = "<group>"; };
		EE7983D327214B7B0051FD59 /* Contentview.swift */ = {isa = PBXFileReference; lastKnownFileType = sourcecode.swift; path = Contentview.swift; sourceTree = "<group>"; };
		EE7983D827214B7D0051FD59 /* Assets.xcassets */ = {isa = PBXFileReference; lastKnownFileType = folder.assetcatalog; path = Assets.xcassets; sourceTree = "<group>"; };
		EE7983DB27214B7D0051FD59 /* Base */ = {isa = PBXFileReference; lastKnownFileType = file.storyboard; name = Base; path = Base.lproj/LaunchScreen.storyboard; sourceTree = "<group>"; };
		EE7983DD27214B7D0051FD59 /* Info.plist */ = {isa = PBXFileReference; lastKnownFileType = text.plist.xml; path = Info.plist; sourceTree = "<group>"; };
		EE7983E327214CEB0051FD59 /* MainView.swift */ = {isa = PBXFileReference; lastKnownFileType = sourcecode.swift; path = MainView.swift; sourceTree = "<group>"; };
		EE7983E5272157750051FD59 /* BlogPosts.swift */ = {isa = PBXFileReference; lastKnownFileType = sourcecode.swift; path = BlogPosts.swift; sourceTree = "<group>"; };
		EE7983E727215D9A0051FD59 /* BlogPostCardMin.swift */ = {isa = PBXFileReference; lastKnownFileType = sourcecode.swift; path = BlogPostCardMin.swift; sourceTree = "<group>"; };
		EE7983E9272162850051FD59 /* HexColorExtension.swift */ = {isa = PBXFileReference; lastKnownFileType = sourcecode.swift; path = HexColorExtension.swift; sourceTree = "<group>"; };
		EE79AB8727229B7000579A71 /* BlogPostView.swift */ = {isa = PBXFileReference; lastKnownFileType = sourcecode.swift; path = BlogPostView.swift; sourceTree = "<group>"; };
		EE79AB892722A5B600579A71 /* AllPosts.swift */ = {isa = PBXFileReference; lastKnownFileType = sourcecode.swift; path = AllPosts.swift; sourceTree = "<group>"; };
		EE79AB8B2722A80000579A71 /* BlogPostCardList.swift */ = {isa = PBXFileReference; lastKnownFileType = sourcecode.swift; path = BlogPostCardList.swift; sourceTree = "<group>"; };
/* End PBXFileReference section */

/* Begin PBXFrameworksBuildPhase section */
		EE7983C927214B7B0051FD59 /* Frameworks */ = {
			isa = PBXFrameworksBuildPhase;
			buildActionMask = 2147483647;
			files = (
			);
			runOnlyForDeploymentPostprocessing = 0;
		};
/* End PBXFrameworksBuildPhase section */

/* Begin PBXGroup section */
		EE7983C327214B7B0051FD59 = {
			isa = PBXGroup;
			children = (
				EE7983CE27214B7B0051FD59 /* Instgram */,
				EE7983CD27214B7B0051FD59 /* Products */,
			);
			sourceTree = "<group>";
		};
		EE7983CD27214B7B0051FD59 /* Products */ = {
			isa = PBXGroup;
			children = (
				EE7983CC27214B7B0051FD59 /* Instgram.app */,
			);
			name = Products;
			sourceTree = "<group>";
		};
		EE7983CE27214B7B0051FD59 /* Instgram */ = {
			isa = PBXGroup;
			children = (
				EE7983CF27214B7B0051FD59 /* AppDelegate.swift */,
				EE7983D127214B7B0051FD59 /* SceneDelegate.swift */,
				EE7983D327214B7B0051FD59 /* Contentview.swift */,
				EE79AB892722A5B600579A71 /* AllPosts.swift */,
				EE79AB8B2722A80000579A71 /* BlogPostCardList.swift */,
				EE7983D827214B7D0051FD59 /* Assets.xcassets */,
				EE7983DA27214B7D0051FD59 /* LaunchScreen.storyboard */,
				EE7983DD27214B7D0051FD59 /* Info.plist */,
				EE7983E327214CEB0051FD59 /* MainView.swift */,
				EE7983E9272162850051FD59 /* HexColorExtension.swift */,
				EE7983E5272157750051FD59 /* BlogPosts.swift */,
				EE7983E727215D9A0051FD59 /* BlogPostCardMin.swift */,
				EE79AB8727229B7000579A71 /* BlogPostView.swift */,
			);
			path = Instgram;
			sourceTree = "<group>";
		};
/* End PBXGroup section */

/* Begin PBXNativeTarget section */
		EE7983CB27214B7B0051FD59 /* Instgram */ = {
			isa = PBXNativeTarget;
			buildConfigurationList = EE7983E027214B7D0051FD59 /* Build configuration list for PBXNativeTarget "Instgram" */;
			buildPhases = (
				EE7983C827214B7B0051FD59 /* Sources */,
				EE7983C927214B7B0051FD59 /* Frameworks */,
				EE7983CA27214B7B0051FD59 /* Resources */,
			);
			buildRules = (
			);
			dependencies = (
			);
			name = Instgram;
			productName = Instgram;
			productReference = EE7983CC27214B7B0051FD59 /* Instgram.app */;
			productType = "com.apple.product-type.application";
		};
/* End PBXNativeTarget section */

/* Begin PBXProject section */
		EE7983C427214B7B0051FD59 /* Project object */ = {
			isa = PBXProject;
			attributes = {
				BuildIndependentTargetsInParallel = 1;
				LastSwiftUpdateCheck = 1300;
				LastUpgradeCheck = 1300;
				TargetAttributes = {
					EE7983CB27214B7B0051FD59 = {
						CreatedOnToolsVersion = 13.0;
					};
				};
			};
			buildConfigurationList = EE7983C727214B7B0051FD59 /* Build configuration list for PBXProject "Instgram" */;
			compatibilityVersion = "Xcode 13.0";
			developmentRegion = en;
			hasScannedForEncodings = 0;
			knownRegions = (
				en,
				Base,
			);
			mainGroup = EE7983C327214B7B0051FD59;
			productRefGroup = EE7983CD27214B7B0051FD59 /* Products */;
			projectDirPath = "";
			projectRoot = "";
			targets = (
				EE7983CB27214B7B0051FD59 /* Instgram */,
			);
		};
/* End PBXProject section */

/* Begin PBXResourcesBuildPhase section */
		EE7983CA27214B7B0051FD59 /* Resources */ = {
			isa = PBXResourcesBuildPhase;
			buildActionMask = 2147483647;
			files = (
				EE7983DC27214B7D0051FD59 /* LaunchScreen.storyboard in Resources */,
				EE7983D927214B7D0051FD59 /* Assets.xcassets in Resources */,
			);
			runOnlyForDeploymentPostprocessing = 0;
		};
/* End PBXResourcesBuildPhase section */

/* Begin PBXSourcesBuildPhase section */
		EE7983C827214B7B0051FD59 /* Sources */ = {
			isa = PBXSourcesBuildPhase;
			buildActionMask = 2147483647;
			files = (
				EE7983E827215D9A0051FD59 /* BlogPostCardMin.swift in Sources */,
				EE7983D427214B7B0051FD59 /* Contentview.swift in Sources */,
				EE79AB8827229B7000579A71 /* BlogPostView.swift in Sources */,
				EE7983EA272162850051FD59 /* HexColorExtension.swift in Sources */,
				EE79AB8A2722A5B600579A71 /* AllPosts.swift in Sources */,
				EE7983E427214CEB0051FD59 /* MainView.swift in Sources */,
				EE7983E6272157750051FD59 /* BlogPosts.swift in Sources */,
				EE79AB8C2722A80000579A71 /* BlogPostCardList.swift in Sources */,
				EE7983D027214B7B0051FD59 /* AppDelegate.swift in Sources */,
				EE7983D227214B7B0051FD59 /* SceneDelegate.swift in Sources */,
			);
			runOnlyForDeploymentPostprocessing = 0;
		};
/* End PBXSourcesBuildPhase section */

/* Begin PBXVariantGroup section */
		EE7983DA27214B7D0051FD59 /* LaunchScreen.storyboard */ = {
			isa = PBXVariantGroup;
			children = (
				EE7983DB27214B7D0051FD59 /* Base */,
			);
			name = LaunchScreen.storyboard;
			sourceTree = "<group>";
		};
/* End PBXVariantGroup section */

/* Begin XCBuildConfiguration section */
		EE7983DE27214B7D0051FD59 /* Debug */ = {
			isa = XCBuildConfiguration;
			buildSettings = {
				ALWAYS_SEARCH_USER_PATHS = NO;
				CLANG_ANALYZER_NONNULL = YES;
				CLANG_ANALYZER_NUMBER_OBJECT_CONVERSION = YES_AGGRESSIVE;
				CLANG_CXX_LANGUAGE_STANDARD = "gnu++17";
				CLANG_CXX_LIBRARY = "libc++";
				CLANG_ENABLE_MODULES = YES;
				CLANG_ENABLE_OBJC_ARC = YES;
				CLANG_ENABLE_OBJC_WEAK = YES;
				CLANG_WARN_BLOCK_CAPTURE_AUTORELEASING = YES;
				CLANG_WARN_BOOL_CONVERSION = YES;
				CLANG_WARN_COMMA = YES;
				CLANG_WARN_CONSTANT_CONVERSION = YES;
				CLANG_WARN_DEPRECATED_OBJC_IMPLEMENTATIONS = YES;
				CLANG_WARN_DIRECT_OBJC_ISA_USAGE = YES_ERROR;
				CLANG_WARN_DOCUMENTATION_COMMENTS = YES;
				CLANG_WARN_EMPTY_BODY = YES;
				CLANG_WARN_ENUM_CONVERSION = YES;
				CLANG_WARN_INFINITE_RECURSION = YES;
				CLANG_WARN_INT_CONVERSION = YES;
				CLANG_WARN_NON_LITERAL_NULL_CONVERSION = YES;
				CLANG_WARN_OBJC_IMPLICIT_RETAIN_SELF = YES;
				CLANG_WARN_OBJC_LITERAL_CONVERSION = YES;
				CLANG_WARN_OBJC_ROOT_CLASS = YES_ERROR;
				CLANG_WARN_QUOTED_INCLUDE_IN_FRAMEWORK_HEADER = YES;
				CLANG_WARN_RANGE_LOOP_ANALYSIS = YES;
				CLANG_WARN_STRICT_PROTOTYPES = YES;
				CLANG_WARN_SUSPICIOUS_MOVE = YES;
				CLANG_WARN_UNGUARDED_AVAILABILITY = YES_AGGRESSIVE;
				CLANG_WARN_UNREACHABLE_CODE = YES;
				CLANG_WARN__DUPLICATE_METHOD_MATCH = YES;
				COPY_PHASE_STRIP = NO;
				DEBUG_INFORMATION_FORMAT = dwarf;
				ENABLE_STRICT_OBJC_MSGSEND = YES;
				ENABLE_TESTABILITY = YES;
				GCC_C_LANGUAGE_STANDARD = gnu11;
				GCC_DYNAMIC_NO_PIC = NO;
				GCC_NO_COMMON_BLOCKS = YES;
				GCC_OPTIMIZATION_LEVEL = 0;
				GCC_PREPROCESSOR_DEFINITIONS = (
					"DEBUG=1",
					"$(inherited)",
				);
				GCC_WARN_64_TO_32_BIT_CONVERSION = YES;
				GCC_WARN_ABOUT_RETURN_TYPE = YES_ERROR;
				GCC_WARN_UNDECLARED_SELECTOR = YES;
				GCC_WARN_UNINITIALIZED_AUTOS = YES_AGGRESSIVE;
				GCC_WARN_UNUSED_FUNCTION = YES;
				GCC_WARN_UNUSED_VARIABLE = YES;
				IPHONEOS_DEPLOYMENT_TARGET = 15.0;
				MTL_ENABLE_DEBUG_INFO = INCLUDE_SOURCE;
				MTL_FAST_MATH = YES;
				ONLY_ACTIVE_ARCH = YES;
				SDKROOT = iphoneos;
				SWIFT_ACTIVE_COMPILATION_CONDITIONS = DEBUG;
				SWIFT_OPTIMIZATION_LEVEL = "-Onone";
			};
			name = Debug;
		};
		EE7983DF27214B7D0051FD59 /* Release */ = {
			isa = XCBuildConfiguration;
			buildSettings = {
				ALWAYS_SEARCH_USER_PATHS = NO;
				CLANG_ANALYZER_NONNULL = YES;
				CLANG_ANALYZER_NUMBER_OBJECT_CONVERSION = YES_AGGRESSIVE;
				CLANG_CXX_LANGUAGE_STANDARD = "gnu++17";
				CLANG_CXX_LIBRARY = "libc++";
				CLANG_ENABLE_MODULES = YES;
				CLANG_ENABLE_OBJC_ARC = YES;
				CLANG_ENABLE_OBJC_WEAK = YES;
				CLANG_WARN_BLOCK_CAPTURE_AUTORELEASING = YES;
				CLANG_WARN_BOOL_CONVERSION = YES;
				CLANG_WARN_COMMA = YES;
				CLANG_WARN_CONSTANT_CONVERSION = YES;
				CLANG_WARN_DEPRECATED_OBJC_IMPLEMENTATIONS = YES;
				CLANG_WARN_DIRECT_OBJC_ISA_USAGE = YES_ERROR;
				CLANG_WARN_DOCUMENTATION_COMMENTS = YES;
				CLANG_WARN_EMPTY_BODY = YES;
				CLANG_WARN_ENUM_CONVERSION = YES;
				CLANG_WARN_INFINITE_RECURSION = YES;
				CLANG_WARN_INT_CONVERSION = YES;
				CLANG_WARN_NON_LITERAL_NULL_CONVERSION = YES;
				CLANG_WARN_OBJC_IMPLICIT_RETAIN_SELF = YES;
				CLANG_WARN_OBJC_LITERAL_CONVERSION = YES;
				CLANG_WARN_OBJC_ROOT_CLASS = YES_ERROR;
				CLANG_WARN_QUOTED_INCLUDE_IN_FRAMEWORK_HEADER = YES;
				CLANG_WARN_RANGE_LOOP_ANALYSIS = YES;
				CLANG_WARN_STRICT_PROTOTYPES = YES;
				CLANG_WARN_SUSPICIOUS_MOVE = YES;
				CLANG_WARN_UNGUARDED_AVAILABILITY = YES_AGGRESSIVE;
				CLANG_WARN_UNREACHABLE_CODE = YES;
				CLANG_WARN__DUPLICATE_METHOD_MATCH = YES;
				COPY_PHASE_STRIP = NO;
				DEBUG_INFORMATION_FORMAT = "dwarf-with-dsym";
				ENABLE_NS_ASSERTIONS = NO;
				ENABLE_STRICT_OBJC_MSGSEND = YES;
				GCC_C_LANGUAGE_STANDARD = gnu11;
				GCC_NO_COMMON_BLOCKS = YES;
				GCC_WARN_64_TO_32_BIT_CONVERSION = YES;
				GCC_WARN_ABOUT_RETURN_TYPE = YES_ERROR;
				GCC_WARN_UNDECLARED_SELECTOR = YES;
				GCC_WARN_UNINITIALIZED_AUTOS = YES_AGGRESSIVE;
				GCC_WARN_UNUSED_FUNCTION = YES;
				GCC_WARN_UNUSED_VARIABLE = YES;
				IPHONEOS_DEPLOYMENT_TARGET = 15.0;
				MTL_ENABLE_DEBUG_INFO = NO;
				MTL_FAST_MATH = YES;
				SDKROOT = iphoneos;
				SWIFT_COMPILATION_MODE = wholemodule;
				SWIFT_OPTIMIZATION_LEVEL = "-O";
				VALIDATE_PRODUCT = YES;
			};
			name = Release;
		};
		EE7983E127214B7D0051FD59 /* Debug */ = {
			isa = XCBuildConfiguration;
			buildSettings = {
				ASSETCATALOG_COMPILER_APPICON_NAME = AppIcon;
				ASSETCATALOG_COMPILER_GLOBAL_ACCENT_COLOR_NAME = AccentColor;
				CODE_SIGN_STYLE = Automatic;
				CURRENT_PROJECT_VERSION = 1;
				GENERATE_INFOPLIST_FILE = YES;
				INFOPLIST_FILE = Instgram/Info.plist;
				INFOPLIST_KEY_UIApplicationSupportsIndirectInputEvents = YES;
				INFOPLIST_KEY_UILaunchStoryboardName = LaunchScreen;
				INFOPLIST_KEY_UISupportedInterfaceOrientations_iPad = "UIInterfaceOrientationPortrait UIInterfaceOrientationPortraitUpsideDown UIInterfaceOrientationLandscapeLeft UIInterfaceOrientationLandscapeRight";
				INFOPLIST_KEY_UISupportedInterfaceOrientations_iPhone = "UIInterfaceOrientationPortrait UIInterfaceOrientationLandscapeLeft UIInterfaceOrientationLandscapeRight";
				LD_RUNPATH_SEARCH_PATHS = (
					"$(inherited)",
					"@executable_path/Frameworks",
				);
				MARKETING_VERSION = 1.0;
				PRODUCT_BUNDLE_IDENTIFIER = sally.com.Instgram;
				PRODUCT_NAME = "$(TARGET_NAME)";
				SWIFT_EMIT_LOC_STRINGS = YES;
				SWIFT_VERSION = 5.0;
				TARGETED_DEVICE_FAMILY = "1,2";
			};
			name = Debug;
		};
		EE7983E227214B7D0051FD59 /* Release */ = {
			isa = XCBuildConfiguration;
			buildSettings = {
				ASSETCATALOG_COMPILER_APPICON_NAME = AppIcon;
				ASSETCATALOG_COMPILER_GLOBAL_ACCENT_COLOR_NAME = AccentColor;
				CODE_SIGN_STYLE = Automatic;
				CURRENT_PROJECT_VERSION = 1;
				GENERATE_INFOPLIST_FILE = YES;
				INFOPLIST_FILE = Instgram/Info.plist;
				INFOPLIST_KEY_UIApplicationSupportsIndirectInputEvents = YES;
				INFOPLIST_KEY_UILaunchStoryboardName = LaunchScreen;
				INFOPLIST_KEY_UISupportedInterfaceOrientations_iPad = "UIInterfaceOrientationPortrait UIInterfaceOrientationPortraitUpsideDown UIInterfaceOrientationLandscapeLeft UIInterfaceOrientationLandscapeRight";
				INFOPLIST_KEY_UISupportedInterfaceOrientations_iPhone = "UIInterfaceOrientationPortrait UIInterfaceOrientationLandscapeLeft UIInterfaceOrientationLandscapeRight";
				LD_RUNPATH_SEARCH_PATHS = (
					"$(inherited)",
					"@executable_path/Frameworks",
				);
				MARKETING_VERSION = 1.0;
				PRODUCT_BUNDLE_IDENTIFIER = sally.com.Instgram;
				PRODUCT_NAME = "$(TARGET_NAME)";
				SWIFT_EMIT_LOC_STRINGS = YES;
				SWIFT_VERSION = 5.0;
				TARGETED_DEVICE_FAMILY = "1,2";
			};
			name = Release;
		};
/* End XCBuildConfiguration section */

/* Begin XCConfigurationList section */
		EE7983C727214B7B0051FD59 /* Build configuration list for PBXProject "Instgram" */ = {
			isa = XCConfigurationList;
			buildConfigurations = (
				EE7983DE27214B7D0051FD59 /* Debug */,
				EE7983DF27214B7D0051FD59 /* Release */,
			);
			defaultConfigurationIsVisible = 0;
			defaultConfigurationName = Release;
		};
		EE7983E027214B7D0051FD59 /* Build configuration list for PBXNativeTarget "Instgram" */ = {
			isa = XCConfigurationList;
			buildConfigurations = (
				EE7983E127214B7D0051FD59 /* Debug */,
				EE7983E227214B7D0051FD59 /* Release */,
			);
			defaultConfigurationIsVisible = 0;
			defaultConfigurationName = Release;
		};
/* End XCConfigurationList section */
	};
	rootObject = EE7983C427214B7B0051FD59 /* Project object */;
}
