// !$*UTF8*$!
{
	archiveVersion = 1;
	classes = {
	};
	objectVersion = 55;
	objects = {

/* Begin PBXBuildFile section */
		0449CA282726045F0089E541 /* AppDelegate.swift in Sources */ = {isa = PBXBuildFile; fileRef = 0449CA272726045F0089E541 /* AppDelegate.swift */; };
		0449CA2A2726045F0089E541 /* SceneDelegate.swift in Sources */ = {isa = PBXBuildFile; fileRef = 0449CA292726045F0089E541 /* SceneDelegate.swift */; };
		0449CA2F2726045F0089E541 /* Main.storyboard in Resources */ = {isa = PBXBuildFile; fileRef = 0449CA2D2726045F0089E541 /* Main.storyboard */; };
		0449CA31272604650089E541 /* Assets.xcassets in Resources */ = {isa = PBXBuildFile; fileRef = 0449CA30272604650089E541 /* Assets.xcassets */; };
		0449CA34272604650089E541 /* LaunchScreen.storyboard in Resources */ = {isa = PBXBuildFile; fileRef = 0449CA32272604650089E541 /* LaunchScreen.storyboard */; };
		0449CA412726054E0089E541 /* BlogCell.swift in Sources */ = {isa = PBXBuildFile; fileRef = 0449CA3B2726054D0089E541 /* BlogCell.swift */; };
		0449CA422726054E0089E541 /* ViewController.swift in Sources */ = {isa = PBXBuildFile; fileRef = 0449CA3C2726054D0089E541 /* ViewController.swift */; };
		0449CA432726054E0089E541 /* LikeCell.swift in Sources */ = {isa = PBXBuildFile; fileRef = 0449CA3D2726054E0089E541 /* LikeCell.swift */; };
		0449CA442726054E0089E541 /* BlogDetailVC.swift in Sources */ = {isa = PBXBuildFile; fileRef = 0449CA3E2726054E0089E541 /* BlogDetailVC.swift */; };
		0449CA452726054E0089E541 /* BlogModel.swift in Sources */ = {isa = PBXBuildFile; fileRef = 0449CA3F2726054E0089E541 /* BlogModel.swift */; };
		0449CA462726054E0089E541 /* BlogLikesTableViewController.swift in Sources */ = {isa = PBXBuildFile; fileRef = 0449CA402726054E0089E541 /* BlogLikesTableViewController.swift */; };
/* End PBXBuildFile section */

/* Begin PBXFileReference section */
		0449CA242726045F0089E541 /* Blog4.app */ = {isa = PBXFileReference; explicitFileType = wrapper.application; includeInIndex = 0; path = Blog4.app; sourceTree = BUILT_PRODUCTS_DIR; };
		0449CA272726045F0089E541 /* AppDelegate.swift */ = {isa = PBXFileReference; lastKnownFileType = sourcecode.swift; path = AppDelegate.swift; sourceTree = "<group>"; };
		0449CA292726045F0089E541 /* SceneDelegate.swift */ = {isa = PBXFileReference; lastKnownFileType = sourcecode.swift; path = SceneDelegate.swift; sourceTree = "<group>"; };
		0449CA2E2726045F0089E541 /* Base */ = {isa = PBXFileReference; lastKnownFileType = file.storyboard; name = Base; path = Base.lproj/Main.storyboard; sourceTree = "<group>"; };
		0449CA30272604650089E541 /* Assets.xcassets */ = {isa = PBXFileReference; lastKnownFileType = folder.assetcatalog; path = Assets.xcassets; sourceTree = "<group>"; };
		0449CA33272604650089E541 /* Base */ = {isa = PBXFileReference; lastKnownFileType = file.storyboard; name = Base; path = Base.lproj/LaunchScreen.storyboard; sourceTree = "<group>"; };
		0449CA35272604650089E541 /* Info.plist */ = {isa = PBXFileReference; lastKnownFileType = text.plist.xml; path = Info.plist; sourceTree = "<group>"; };
		0449CA3B2726054D0089E541 /* BlogCell.swift */ = {isa = PBXFileReference; fileEncoding = 4; lastKnownFileType = sourcecode.swift; path = BlogCell.swift; sourceTree = "<group>"; };
		0449CA3C2726054D0089E541 /* ViewController.swift */ = {isa = PBXFileReference; fileEncoding = 4; lastKnownFileType = sourcecode.swift; path = ViewController.swift; sourceTree = "<group>"; };
		0449CA3D2726054E0089E541 /* LikeCell.swift */ = {isa = PBXFileReference; fileEncoding = 4; lastKnownFileType = sourcecode.swift; path = LikeCell.swift; sourceTree = "<group>"; };
		0449CA3E2726054E0089E541 /* BlogDetailVC.swift */ = {isa = PBXFileReference; fileEncoding = 4; lastKnownFileType = sourcecode.swift; path = BlogDetailVC.swift; sourceTree = "<group>"; };
		0449CA3F2726054E0089E541 /* BlogModel.swift */ = {isa = PBXFileReference; fileEncoding = 4; lastKnownFileType = sourcecode.swift; path = BlogModel.swift; sourceTree = "<group>"; };
		0449CA402726054E0089E541 /* BlogLikesTableViewController.swift */ = {isa = PBXFileReference; fileEncoding = 4; lastKnownFileType = sourcecode.swift; path = BlogLikesTableViewController.swift; sourceTree = "<group>"; };
/* End PBXFileReference section */

/* Begin PBXFrameworksBuildPhase section */
		0449CA212726045F0089E541 /* Frameworks */ = {
			isa = PBXFrameworksBuildPhase;
			buildActionMask = 2147483647;
			files = (
			);
			runOnlyForDeploymentPostprocessing = 0;
		};
/* End PBXFrameworksBuildPhase section */

/* Begin PBXGroup section */
		0449CA1B2726045F0089E541 = {
			isa = PBXGroup;
			children = (
				0449CA262726045F0089E541 /* Blog4 */,
				0449CA252726045F0089E541 /* Products */,
			);
			sourceTree = "<group>";
		};
		0449CA252726045F0089E541 /* Products */ = {
			isa = PBXGroup;
			children = (
				0449CA242726045F0089E541 /* Blog4.app */,
			);
			name = Products;
			sourceTree = "<group>";
		};
		0449CA262726045F0089E541 /* Blog4 */ = {
			isa = PBXGroup;
			children = (
				0449CA272726045F0089E541 /* AppDelegate.swift */,
				0449CA292726045F0089E541 /* SceneDelegate.swift */,
				0449CA3C2726054D0089E541 /* ViewController.swift */,
				0449CA402726054E0089E541 /* BlogLikesTableViewController.swift */,
				0449CA2D2726045F0089E541 /* Main.storyboard */,
				0449CA30272604650089E541 /* Assets.xcassets */,
				0449CA32272604650089E541 /* LaunchScreen.storyboard */,
				0449CA35272604650089E541 /* Info.plist */,
				0449CA3B2726054D0089E541 /* BlogCell.swift */,
				0449CA3E2726054E0089E541 /* BlogDetailVC.swift */,
				0449CA3F2726054E0089E541 /* BlogModel.swift */,
				0449CA3D2726054E0089E541 /* LikeCell.swift */,
			);
			path = Blog4;
			sourceTree = "<group>";
		};
/* End PBXGroup section */

/* Begin PBXNativeTarget section */
		0449CA232726045F0089E541 /* Blog4 */ = {
			isa = PBXNativeTarget;
			buildConfigurationList = 0449CA38272604650089E541 /* Build configuration list for PBXNativeTarget "Blog4" */;
			buildPhases = (
				0449CA202726045F0089E541 /* Sources */,
				0449CA212726045F0089E541 /* Frameworks */,
				0449CA222726045F0089E541 /* Resources */,
			);
			buildRules = (
			);
			dependencies = (
			);
			name = Blog4;
			productName = Blog4;
			productReference = 0449CA242726045F0089E541 /* Blog4.app */;
			productType = "com.apple.product-type.application";
		};
/* End PBXNativeTarget section */

/* Begin PBXProject section */
		0449CA1C2726045F0089E541 /* Project object */ = {
			isa = PBXProject;
			attributes = {
				BuildIndependentTargetsInParallel = 1;
				LastSwiftUpdateCheck = 1300;
				LastUpgradeCheck = 1300;
				TargetAttributes = {
					0449CA232726045F0089E541 = {
						CreatedOnToolsVersion = 13.0;
					};
				};
			};
			buildConfigurationList = 0449CA1F2726045F0089E541 /* Build configuration list for PBXProject "Blog4" */;
			compatibilityVersion = "Xcode 13.0";
			developmentRegion = en;
			hasScannedForEncodings = 0;
			knownRegions = (
				en,
				Base,
			);
			mainGroup = 0449CA1B2726045F0089E541;
			productRefGroup = 0449CA252726045F0089E541 /* Products */;
			projectDirPath = "";
			projectRoot = "";
			targets = (
				0449CA232726045F0089E541 /* Blog4 */,
			);
		};
/* End PBXProject section */

/* Begin PBXResourcesBuildPhase section */
		0449CA222726045F0089E541 /* Resources */ = {
			isa = PBXResourcesBuildPhase;
			buildActionMask = 2147483647;
			files = (
				0449CA34272604650089E541 /* LaunchScreen.storyboard in Resources */,
				0449CA31272604650089E541 /* Assets.xcassets in Resources */,
				0449CA2F2726045F0089E541 /* Main.storyboard in Resources */,
			);
			runOnlyForDeploymentPostprocessing = 0;
		};
/* End PBXResourcesBuildPhase section */

/* Begin PBXSourcesBuildPhase section */
		0449CA202726045F0089E541 /* Sources */ = {
			isa = PBXSourcesBuildPhase;
			buildActionMask = 2147483647;
			files = (
				0449CA462726054E0089E541 /* BlogLikesTableViewController.swift in Sources */,
				0449CA282726045F0089E541 /* AppDelegate.swift in Sources */,
				0449CA442726054E0089E541 /* BlogDetailVC.swift in Sources */,
				0449CA452726054E0089E541 /* BlogModel.swift in Sources */,
				0449CA2A2726045F0089E541 /* SceneDelegate.swift in Sources */,
				0449CA422726054E0089E541 /* ViewController.swift in Sources */,
				0449CA432726054E0089E541 /* LikeCell.swift in Sources */,
				0449CA412726054E0089E541 /* BlogCell.swift in Sources */,
			);
			runOnlyForDeploymentPostprocessing = 0;
		};
/* End PBXSourcesBuildPhase section */

/* Begin PBXVariantGroup section */
		0449CA2D2726045F0089E541 /* Main.storyboard */ = {
			isa = PBXVariantGroup;
			children = (
				0449CA2E2726045F0089E541 /* Base */,
			);
			name = Main.storyboard;
			sourceTree = "<group>";
		};
		0449CA32272604650089E541 /* LaunchScreen.storyboard */ = {
			isa = PBXVariantGroup;
			children = (
				0449CA33272604650089E541 /* Base */,
			);
			name = LaunchScreen.storyboard;
			sourceTree = "<group>";
		};
/* End PBXVariantGroup section */

/* Begin XCBuildConfiguration section */
		0449CA36272604650089E541 /* Debug */ = {
			isa = XCBuildConfiguration;
			buildSettings = {
				ALWAYS_SEARCH_USER_PATHS = NO;
				CLANG_ANALYZER_NONNULL = YES;
				CLANG_ANALYZER_NUMBER_OBJECT_CONVERSION = YES_AGGRESSIVE;
				CLANG_CXX_LANGUAGE_STANDARD = "gnu++17";
				CLANG_CXX_LIBRARY = "libc++";
				CLANG_ENABLE_MODULES = YES;
				CLANG_ENABLE_OBJC_ARC = YES;
				CLANG_ENABLE_OBJC_WEAK = YES;
				CLANG_WARN_BLOCK_CAPTURE_AUTORELEASING = YES;
				CLANG_WARN_BOOL_CONVERSION = YES;
				CLANG_WARN_COMMA = YES;
				CLANG_WARN_CONSTANT_CONVERSION = YES;
				CLANG_WARN_DEPRECATED_OBJC_IMPLEMENTATIONS = YES;
				CLANG_WARN_DIRECT_OBJC_ISA_USAGE = YES_ERROR;
				CLANG_WARN_DOCUMENTATION_COMMENTS = YES;
				CLANG_WARN_EMPTY_BODY = YES;
				CLANG_WARN_ENUM_CONVERSION = YES;
				CLANG_WARN_INFINITE_RECURSION = YES;
				CLANG_WARN_INT_CONVERSION = YES;
				CLANG_WARN_NON_LITERAL_NULL_CONVERSION = YES;
				CLANG_WARN_OBJC_IMPLICIT_RETAIN_SELF = YES;
				CLANG_WARN_OBJC_LITERAL_CONVERSION = YES;
				CLANG_WARN_OBJC_ROOT_CLASS = YES_ERROR;
				CLANG_WARN_QUOTED_INCLUDE_IN_FRAMEWORK_HEADER = YES;
				CLANG_WARN_RANGE_LOOP_ANALYSIS = YES;
				CLANG_WARN_STRICT_PROTOTYPES = YES;
				CLANG_WARN_SUSPICIOUS_MOVE = YES;
				CLANG_WARN_UNGUARDED_AVAILABILITY = YES_AGGRESSIVE;
				CLANG_WARN_UNREACHABLE_CODE = YES;
				CLANG_WARN__DUPLICATE_METHOD_MATCH = YES;
				COPY_PHASE_STRIP = NO;
				DEBUG_INFORMATION_FORMAT = dwarf;
				ENABLE_STRICT_OBJC_MSGSEND = YES;
				ENABLE_TESTABILITY = YES;
				GCC_C_LANGUAGE_STANDARD = gnu11;
				GCC_DYNAMIC_NO_PIC = NO;
				GCC_NO_COMMON_BLOCKS = YES;
				GCC_OPTIMIZATION_LEVEL = 0;
				GCC_PREPROCESSOR_DEFINITIONS = (
					"DEBUG=1",
					"$(inherited)",
				);
				GCC_WARN_64_TO_32_BIT_CONVERSION = YES;
				GCC_WARN_ABOUT_RETURN_TYPE = YES_ERROR;
				GCC_WARN_UNDECLARED_SELECTOR = YES;
				GCC_WARN_UNINITIALIZED_AUTOS = YES_AGGRESSIVE;
				GCC_WARN_UNUSED_FUNCTION = YES;
				GCC_WARN_UNUSED_VARIABLE = YES;
				IPHONEOS_DEPLOYMENT_TARGET = 15.0;
				MTL_ENABLE_DEBUG_INFO = INCLUDE_SOURCE;
				MTL_FAST_MATH = YES;
				ONLY_ACTIVE_ARCH = YES;
				SDKROOT = iphoneos;
				SWIFT_ACTIVE_COMPILATION_CONDITIONS = DEBUG;
				SWIFT_OPTIMIZATION_LEVEL = "-Onone";
			};
			name = Debug;
		};
		0449CA37272604650089E541 /* Release */ = {
			isa = XCBuildConfiguration;
			buildSettings = {
				ALWAYS_SEARCH_USER_PATHS = NO;
				CLANG_ANALYZER_NONNULL = YES;
				CLANG_ANALYZER_NUMBER_OBJECT_CONVERSION = YES_AGGRESSIVE;
				CLANG_CXX_LANGUAGE_STANDARD = "gnu++17";
				CLANG_CXX_LIBRARY = "libc++";
				CLANG_ENABLE_MODULES = YES;
				CLANG_ENABLE_OBJC_ARC = YES;
				CLANG_ENABLE_OBJC_WEAK = YES;
				CLANG_WARN_BLOCK_CAPTURE_AUTORELEASING = YES;
				CLANG_WARN_BOOL_CONVERSION = YES;
				CLANG_WARN_COMMA = YES;
				CLANG_WARN_CONSTANT_CONVERSION = YES;
				CLANG_WARN_DEPRECATED_OBJC_IMPLEMENTATIONS = YES;
				CLANG_WARN_DIRECT_OBJC_ISA_USAGE = YES_ERROR;
				CLANG_WARN_DOCUMENTATION_COMMENTS = YES;
				CLANG_WARN_EMPTY_BODY = YES;
				CLANG_WARN_ENUM_CONVERSION = YES;
				CLANG_WARN_INFINITE_RECURSION = YES;
				CLANG_WARN_INT_CONVERSION = YES;
				CLANG_WARN_NON_LITERAL_NULL_CONVERSION = YES;
				CLANG_WARN_OBJC_IMPLICIT_RETAIN_SELF = YES;
				CLANG_WARN_OBJC_LITERAL_CONVERSION = YES;
				CLANG_WARN_OBJC_ROOT_CLASS = YES_ERROR;
				CLANG_WARN_QUOTED_INCLUDE_IN_FRAMEWORK_HEADER = YES;
				CLANG_WARN_RANGE_LOOP_ANALYSIS = YES;
				CLANG_WARN_STRICT_PROTOTYPES = YES;
				CLANG_WARN_SUSPICIOUS_MOVE = YES;
				CLANG_WARN_UNGUARDED_AVAILABILITY = YES_AGGRESSIVE;
				CLANG_WARN_UNREACHABLE_CODE = YES;
				CLANG_WARN__DUPLICATE_METHOD_MATCH = YES;
				COPY_PHASE_STRIP = NO;
				DEBUG_INFORMATION_FORMAT = "dwarf-with-dsym";
				ENABLE_NS_ASSERTIONS = NO;
				ENABLE_STRICT_OBJC_MSGSEND = YES;
				GCC_C_LANGUAGE_STANDARD = gnu11;
				GCC_NO_COMMON_BLOCKS = YES;
				GCC_WARN_64_TO_32_BIT_CONVERSION = YES;
				GCC_WARN_ABOUT_RETURN_TYPE = YES_ERROR;
				GCC_WARN_UNDECLARED_SELECTOR = YES;
				GCC_WARN_UNINITIALIZED_AUTOS = YES_AGGRESSIVE;
				GCC_WARN_UNUSED_FUNCTION = YES;
				GCC_WARN_UNUSED_VARIABLE = YES;
				IPHONEOS_DEPLOYMENT_TARGET = 15.0;
				MTL_ENABLE_DEBUG_INFO = NO;
				MTL_FAST_MATH = YES;
				SDKROOT = iphoneos;
				SWIFT_COMPILATION_MODE = wholemodule;
				SWIFT_OPTIMIZATION_LEVEL = "-O";
				VALIDATE_PRODUCT = YES;
			};
			name = Release;
		};
		0449CA39272604650089E541 /* Debug */ = {
			isa = XCBuildConfiguration;
			buildSettings = {
				ASSETCATALOG_COMPILER_APPICON_NAME = AppIcon;
				ASSETCATALOG_COMPILER_GLOBAL_ACCENT_COLOR_NAME = AccentColor;
				CODE_SIGN_STYLE = Automatic;
				CURRENT_PROJECT_VERSION = 1;
				GENERATE_INFOPLIST_FILE = YES;
				INFOPLIST_FILE = Blog4/Info.plist;
				INFOPLIST_KEY_UIApplicationSupportsIndirectInputEvents = YES;
				INFOPLIST_KEY_UILaunchStoryboardName = LaunchScreen;
				INFOPLIST_KEY_UIMainStoryboardFile = Main;
				INFOPLIST_KEY_UISupportedInterfaceOrientations_iPad = "UIInterfaceOrientationPortrait UIInterfaceOrientationPortraitUpsideDown UIInterfaceOrientationLandscapeLeft UIInterfaceOrientationLandscapeRight";
				INFOPLIST_KEY_UISupportedInterfaceOrientations_iPhone = "UIInterfaceOrientationPortrait UIInterfaceOrientationLandscapeLeft UIInterfaceOrientationLandscapeRight";
				LD_RUNPATH_SEARCH_PATHS = (
					"$(inherited)",
					"@executable_path/Frameworks",
				);
				MARKETING_VERSION = 1.0;
				PRODUCT_BUNDLE_IDENTIFIER = com.mun.Blog4;
				PRODUCT_NAME = "$(TARGET_NAME)";
				SWIFT_EMIT_LOC_STRINGS = YES;
				SWIFT_VERSION = 5.0;
				TARGETED_DEVICE_FAMILY = "1,2";
			};
			name = Debug;
		};
		0449CA3A272604650089E541 /* Release */ = {
			isa = XCBuildConfiguration;
			buildSettings = {
				ASSETCATALOG_COMPILER_APPICON_NAME = AppIcon;
				ASSETCATALOG_COMPILER_GLOBAL_ACCENT_COLOR_NAME = AccentColor;
				CODE_SIGN_STYLE = Automatic;
				CURRENT_PROJECT_VERSION = 1;
				GENERATE_INFOPLIST_FILE = YES;
				INFOPLIST_FILE = Blog4/Info.plist;
				INFOPLIST_KEY_UIApplicationSupportsIndirectInputEvents = YES;
				INFOPLIST_KEY_UILaunchStoryboardName = LaunchScreen;
				INFOPLIST_KEY_UIMainStoryboardFile = Main;
				INFOPLIST_KEY_UISupportedInterfaceOrientations_iPad = "UIInterfaceOrientationPortrait UIInterfaceOrientationPortraitUpsideDown UIInterfaceOrientationLandscapeLeft UIInterfaceOrientationLandscapeRight";
				INFOPLIST_KEY_UISupportedInterfaceOrientations_iPhone = "UIInterfaceOrientationPortrait UIInterfaceOrientationLandscapeLeft UIInterfaceOrientationLandscapeRight";
				LD_RUNPATH_SEARCH_PATHS = (
					"$(inherited)",
					"@executable_path/Frameworks",
				);
				MARKETING_VERSION = 1.0;
				PRODUCT_BUNDLE_IDENTIFIER = com.mun.Blog4;
				PRODUCT_NAME = "$(TARGET_NAME)";
				SWIFT_EMIT_LOC_STRINGS = YES;
				SWIFT_VERSION = 5.0;
				TARGETED_DEVICE_FAMILY = "1,2";
			};
			name = Release;
		};
/* End XCBuildConfiguration section */

/* Begin XCConfigurationList section */
		0449CA1F2726045F0089E541 /* Build configuration list for PBXProject "Blog4" */ = {
			isa = XCConfigurationList;
			buildConfigurations = (
				0449CA36272604650089E541 /* Debug */,
				0449CA37272604650089E541 /* Release */,
			);
			defaultConfigurationIsVisible = 0;
			defaultConfigurationName = Release;
		};
		0449CA38272604650089E541 /* Build configuration list for PBXNativeTarget "Blog4" */ = {
			isa = XCConfigurationList;
			buildConfigurations = (
				0449CA39272604650089E541 /* Debug */,
				0449CA3A272604650089E541 /* Release */,
			);
			defaultConfigurationIsVisible = 0;
			defaultConfigurationName = Release;
		};
/* End XCConfigurationList section */
	};
	rootObject = 0449CA1C2726045F0089E541 /* Project object */;
}
