// !$*UTF8*$!
{
	archiveVersion = 1;
	classes = {
	};
	objectVersion = 55;
	objects = {

/* Begin PBXBuildFile section */
		56F0E1ED2725323400710225 /* AppDelegate.swift in Sources */ = {isa = PBXBuildFile; fileRef = 56F0E1EC2725323400710225 /* AppDelegate.swift */; };
		56F0E1EF2725323400710225 /* SceneDelegate.swift in Sources */ = {isa = PBXBuildFile; fileRef = 56F0E1EE2725323400710225 /* SceneDelegate.swift */; };
		56F0E1F12725323400710225 /* ViewController.swift in Sources */ = {isa = PBXBuildFile; fileRef = 56F0E1F02725323400710225 /* ViewController.swift */; };
		56F0E1F62725323900710225 /* Assets.xcassets in Resources */ = {isa = PBXBuildFile; fileRef = 56F0E1F52725323900710225 /* Assets.xcassets */; };
		56F0E1F92725323900710225 /* LaunchScreen.storyboard in Resources */ = {isa = PBXBuildFile; fileRef = 56F0E1F72725323900710225 /* LaunchScreen.storyboard */; };
		56F0E2012725328E00710225 /* ContentView.swift in Sources */ = {isa = PBXBuildFile; fileRef = 56F0E2002725328E00710225 /* ContentView.swift */; };
		56F0E203272532A000710225 /* Posts.swift in Sources */ = {isa = PBXBuildFile; fileRef = 56F0E202272532A000710225 /* Posts.swift */; };
		56F0E205272532BB00710225 /* BlogPostCards.swift in Sources */ = {isa = PBXBuildFile; fileRef = 56F0E204272532BB00710225 /* BlogPostCards.swift */; };
		56F0E207272532D000710225 /* MainView.swift in Sources */ = {isa = PBXBuildFile; fileRef = 56F0E206272532D000710225 /* MainView.swift */; };
		56F0E2092725332800710225 /* HexColorEX.swift in Sources */ = {isa = PBXBuildFile; fileRef = 56F0E2082725332800710225 /* HexColorEX.swift */; };
		56F0E20B2725335100710225 /* BlogPosts.swift in Sources */ = {isa = PBXBuildFile; fileRef = 56F0E20A2725335100710225 /* BlogPosts.swift */; };
		56F0E20D2725336B00710225 /* BlogPostCardMin.swift in Sources */ = {isa = PBXBuildFile; fileRef = 56F0E20C2725336B00710225 /* BlogPostCardMin.swift */; };
		56F0E20F2725338900710225 /* BlogPostView.swift in Sources */ = {isa = PBXBuildFile; fileRef = 56F0E20E2725338900710225 /* BlogPostView.swift */; };
/* End PBXBuildFile section */

/* Begin PBXFileReference section */
		56F0E1E92725323400710225 /* SaraS.Blog.app */ = {isa = PBXFileReference; explicitFileType = wrapper.application; includeInIndex = 0; path = SaraS.Blog.app; sourceTree = BUILT_PRODUCTS_DIR; };
		56F0E1EC2725323400710225 /* AppDelegate.swift */ = {isa = PBXFileReference; lastKnownFileType = sourcecode.swift; path = AppDelegate.swift; sourceTree = "<group>"; };
		56F0E1EE2725323400710225 /* SceneDelegate.swift */ = {isa = PBXFileReference; lastKnownFileType = sourcecode.swift; path = SceneDelegate.swift; sourceTree = "<group>"; };
		56F0E1F02725323400710225 /* ViewController.swift */ = {isa = PBXFileReference; lastKnownFileType = sourcecode.swift; path = ViewController.swift; sourceTree = "<group>"; };
		56F0E1F52725323900710225 /* Assets.xcassets */ = {isa = PBXFileReference; lastKnownFileType = folder.assetcatalog; path = Assets.xcassets; sourceTree = "<group>"; };
		56F0E1F82725323900710225 /* Base */ = {isa = PBXFileReference; lastKnownFileType = file.storyboard; name = Base; path = Base.lproj/LaunchScreen.storyboard; sourceTree = "<group>"; };
		56F0E1FA2725323900710225 /* Info.plist */ = {isa = PBXFileReference; lastKnownFileType = text.plist.xml; path = Info.plist; sourceTree = "<group>"; };
		56F0E2002725328E00710225 /* ContentView.swift */ = {isa = PBXFileReference; lastKnownFileType = sourcecode.swift; path = ContentView.swift; sourceTree = "<group>"; };
		56F0E202272532A000710225 /* Posts.swift */ = {isa = PBXFileReference; lastKnownFileType = sourcecode.swift; path = Posts.swift; sourceTree = "<group>"; };
		56F0E204272532BB00710225 /* BlogPostCards.swift */ = {isa = PBXFileReference; lastKnownFileType = sourcecode.swift; path = BlogPostCards.swift; sourceTree = "<group>"; };
		56F0E206272532D000710225 /* MainView.swift */ = {isa = PBXFileReference; lastKnownFileType = sourcecode.swift; path = MainView.swift; sourceTree = "<group>"; };
		56F0E2082725332800710225 /* HexColorEX.swift */ = {isa = PBXFileReference; lastKnownFileType = sourcecode.swift; path = HexColorEX.swift; sourceTree = "<group>"; };
		56F0E20A2725335100710225 /* BlogPosts.swift */ = {isa = PBXFileReference; lastKnownFileType = sourcecode.swift; path = BlogPosts.swift; sourceTree = "<group>"; };
		56F0E20C2725336B00710225 /* BlogPostCardMin.swift */ = {isa = PBXFileReference; lastKnownFileType = sourcecode.swift; path = BlogPostCardMin.swift; sourceTree = "<group>"; };
		56F0E20E2725338900710225 /* BlogPostView.swift */ = {isa = PBXFileReference; lastKnownFileType = sourcecode.swift; path = BlogPostView.swift; sourceTree = "<group>"; };
/* End PBXFileReference section */

/* Begin PBXFrameworksBuildPhase section */
		56F0E1E62725323400710225 /* Frameworks */ = {
			isa = PBXFrameworksBuildPhase;
			buildActionMask = 2147483647;
			files = (
			);
			runOnlyForDeploymentPostprocessing = 0;
		};
/* End PBXFrameworksBuildPhase section */

/* Begin PBXGroup section */
		56F0E1E02725323400710225 = {
			isa = PBXGroup;
			children = (
				56F0E1EB2725323400710225 /* SaraS.Blog */,
				56F0E1EA2725323400710225 /* Products */,
			);
			sourceTree = "<group>";
		};
		56F0E1EA2725323400710225 /* Products */ = {
			isa = PBXGroup;
			children = (
				56F0E1E92725323400710225 /* SaraS.Blog.app */,
			);
			name = Products;
			sourceTree = "<group>";
		};
		56F0E1EB2725323400710225 /* SaraS.Blog */ = {
			isa = PBXGroup;
			children = (
				56F0E1EC2725323400710225 /* AppDelegate.swift */,
				56F0E1EE2725323400710225 /* SceneDelegate.swift */,
				56F0E1F02725323400710225 /* ViewController.swift */,
				56F0E1F52725323900710225 /* Assets.xcassets */,
				56F0E1F72725323900710225 /* LaunchScreen.storyboard */,
				56F0E1FA2725323900710225 /* Info.plist */,
				56F0E2002725328E00710225 /* ContentView.swift */,
				56F0E202272532A000710225 /* Posts.swift */,
				56F0E204272532BB00710225 /* BlogPostCards.swift */,
				56F0E206272532D000710225 /* MainView.swift */,
				56F0E2082725332800710225 /* HexColorEX.swift */,
				56F0E20A2725335100710225 /* BlogPosts.swift */,
				56F0E20C2725336B00710225 /* BlogPostCardMin.swift */,
				56F0E20E2725338900710225 /* BlogPostView.swift */,
			);
			path = SaraS.Blog;
			sourceTree = "<group>";
		};
/* End PBXGroup section */

/* Begin PBXNativeTarget section */
		56F0E1E82725323400710225 /* SaraS.Blog */ = {
			isa = PBXNativeTarget;
			buildConfigurationList = 56F0E1FD2725323900710225 /* Build configuration list for PBXNativeTarget "SaraS.Blog" */;
			buildPhases = (
				56F0E1E52725323400710225 /* Sources */,
				56F0E1E62725323400710225 /* Frameworks */,
				56F0E1E72725323400710225 /* Resources */,
			);
			buildRules = (
			);
			dependencies = (
			);
			name = SaraS.Blog;
			productName = SaraS.Blog;
			productReference = 56F0E1E92725323400710225 /* SaraS.Blog.app */;
			productType = "com.apple.product-type.application";
		};
/* End PBXNativeTarget section */

/* Begin PBXProject section */
		56F0E1E12725323400710225 /* Project object */ = {
			isa = PBXProject;
			attributes = {
				BuildIndependentTargetsInParallel = 1;
				LastSwiftUpdateCheck = 1300;
				LastUpgradeCheck = 1300;
				TargetAttributes = {
					56F0E1E82725323400710225 = {
						CreatedOnToolsVersion = 13.0;
					};
				};
			};
			buildConfigurationList = 56F0E1E42725323400710225 /* Build configuration list for PBXProject "SaraS.Blog" */;
			compatibilityVersion = "Xcode 13.0";
			developmentRegion = en;
			hasScannedForEncodings = 0;
			knownRegions = (
				en,
				Base,
			);
			mainGroup = 56F0E1E02725323400710225;
			productRefGroup = 56F0E1EA2725323400710225 /* Products */;
			projectDirPath = "";
			projectRoot = "";
			targets = (
				56F0E1E82725323400710225 /* SaraS.Blog */,
			);
		};
/* End PBXProject section */

/* Begin PBXResourcesBuildPhase section */
		56F0E1E72725323400710225 /* Resources */ = {
			isa = PBXResourcesBuildPhase;
			buildActionMask = 2147483647;
			files = (
				56F0E1F92725323900710225 /* LaunchScreen.storyboard in Resources */,
				56F0E1F62725323900710225 /* Assets.xcassets in Resources */,
			);
			runOnlyForDeploymentPostprocessing = 0;
		};
/* End PBXResourcesBuildPhase section */

/* Begin PBXSourcesBuildPhase section */
		56F0E1E52725323400710225 /* Sources */ = {
			isa = PBXSourcesBuildPhase;
			buildActionMask = 2147483647;
			files = (
				56F0E1F12725323400710225 /* ViewController.swift in Sources */,
				56F0E207272532D000710225 /* MainView.swift in Sources */,
				56F0E1ED2725323400710225 /* AppDelegate.swift in Sources */,
				56F0E20B2725335100710225 /* BlogPosts.swift in Sources */,
				56F0E203272532A000710225 /* Posts.swift in Sources */,
				56F0E2092725332800710225 /* HexColorEX.swift in Sources */,
				56F0E205272532BB00710225 /* BlogPostCards.swift in Sources */,
				56F0E2012725328E00710225 /* ContentView.swift in Sources */,
				56F0E20D2725336B00710225 /* BlogPostCardMin.swift in Sources */,
				56F0E1EF2725323400710225 /* SceneDelegate.swift in Sources */,
				56F0E20F2725338900710225 /* BlogPostView.swift in Sources */,
			);
			runOnlyForDeploymentPostprocessing = 0;
		};
/* End PBXSourcesBuildPhase section */

/* Begin PBXVariantGroup section */
		56F0E1F72725323900710225 /* LaunchScreen.storyboard */ = {
			isa = PBXVariantGroup;
			children = (
				56F0E1F82725323900710225 /* Base */,
			);
			name = LaunchScreen.storyboard;
			sourceTree = "<group>";
		};
/* End PBXVariantGroup section */

/* Begin XCBuildConfiguration section */
		56F0E1FB2725323900710225 /* Debug */ = {
			isa = XCBuildConfiguration;
			buildSettings = {
				ALWAYS_SEARCH_USER_PATHS = NO;
				CLANG_ANALYZER_NONNULL = YES;
				CLANG_ANALYZER_NUMBER_OBJECT_CONVERSION = YES_AGGRESSIVE;
				CLANG_CXX_LANGUAGE_STANDARD = "gnu++17";
				CLANG_CXX_LIBRARY = "libc++";
				CLANG_ENABLE_MODULES = YES;
				CLANG_ENABLE_OBJC_ARC = YES;
				CLANG_ENABLE_OBJC_WEAK = YES;
				CLANG_WARN_BLOCK_CAPTURE_AUTORELEASING = YES;
				CLANG_WARN_BOOL_CONVERSION = YES;
				CLANG_WARN_COMMA = YES;
				CLANG_WARN_CONSTANT_CONVERSION = YES;
				CLANG_WARN_DEPRECATED_OBJC_IMPLEMENTATIONS = YES;
				CLANG_WARN_DIRECT_OBJC_ISA_USAGE = YES_ERROR;
				CLANG_WARN_DOCUMENTATION_COMMENTS = YES;
				CLANG_WARN_EMPTY_BODY = YES;
				CLANG_WARN_ENUM_CONVERSION = YES;
				CLANG_WARN_INFINITE_RECURSION = YES;
				CLANG_WARN_INT_CONVERSION = YES;
				CLANG_WARN_NON_LITERAL_NULL_CONVERSION = YES;
				CLANG_WARN_OBJC_IMPLICIT_RETAIN_SELF = YES;
				CLANG_WARN_OBJC_LITERAL_CONVERSION = YES;
				CLANG_WARN_OBJC_ROOT_CLASS = YES_ERROR;
				CLANG_WARN_QUOTED_INCLUDE_IN_FRAMEWORK_HEADER = YES;
				CLANG_WARN_RANGE_LOOP_ANALYSIS = YES;
				CLANG_WARN_STRICT_PROTOTYPES = YES;
				CLANG_WARN_SUSPICIOUS_MOVE = YES;
				CLANG_WARN_UNGUARDED_AVAILABILITY = YES_AGGRESSIVE;
				CLANG_WARN_UNREACHABLE_CODE = YES;
				CLANG_WARN__DUPLICATE_METHOD_MATCH = YES;
				COPY_PHASE_STRIP = NO;
				DEBUG_INFORMATION_FORMAT = dwarf;
				ENABLE_STRICT_OBJC_MSGSEND = YES;
				ENABLE_TESTABILITY = YES;
				GCC_C_LANGUAGE_STANDARD = gnu11;
				GCC_DYNAMIC_NO_PIC = NO;
				GCC_NO_COMMON_BLOCKS = YES;
				GCC_OPTIMIZATION_LEVEL = 0;
				GCC_PREPROCESSOR_DEFINITIONS = (
					"DEBUG=1",
					"$(inherited)",
				);
				GCC_WARN_64_TO_32_BIT_CONVERSION = YES;
				GCC_WARN_ABOUT_RETURN_TYPE = YES_ERROR;
				GCC_WARN_UNDECLARED_SELECTOR = YES;
				GCC_WARN_UNINITIALIZED_AUTOS = YES_AGGRESSIVE;
				GCC_WARN_UNUSED_FUNCTION = YES;
				GCC_WARN_UNUSED_VARIABLE = YES;
				IPHONEOS_DEPLOYMENT_TARGET = 15.0;
				MTL_ENABLE_DEBUG_INFO = INCLUDE_SOURCE;
				MTL_FAST_MATH = YES;
				ONLY_ACTIVE_ARCH = YES;
				SDKROOT = iphoneos;
				SWIFT_ACTIVE_COMPILATION_CONDITIONS = DEBUG;
				SWIFT_OPTIMIZATION_LEVEL = "-Onone";
			};
			name = Debug;
		};
		56F0E1FC2725323900710225 /* Release */ = {
			isa = XCBuildConfiguration;
			buildSettings = {
				ALWAYS_SEARCH_USER_PATHS = NO;
				CLANG_ANALYZER_NONNULL = YES;
				CLANG_ANALYZER_NUMBER_OBJECT_CONVERSION = YES_AGGRESSIVE;
				CLANG_CXX_LANGUAGE_STANDARD = "gnu++17";
				CLANG_CXX_LIBRARY = "libc++";
				CLANG_ENABLE_MODULES = YES;
				CLANG_ENABLE_OBJC_ARC = YES;
				CLANG_ENABLE_OBJC_WEAK = YES;
				CLANG_WARN_BLOCK_CAPTURE_AUTORELEASING = YES;
				CLANG_WARN_BOOL_CONVERSION = YES;
				CLANG_WARN_COMMA = YES;
				CLANG_WARN_CONSTANT_CONVERSION = YES;
				CLANG_WARN_DEPRECATED_OBJC_IMPLEMENTATIONS = YES;
				CLANG_WARN_DIRECT_OBJC_ISA_USAGE = YES_ERROR;
				CLANG_WARN_DOCUMENTATION_COMMENTS = YES;
				CLANG_WARN_EMPTY_BODY = YES;
				CLANG_WARN_ENUM_CONVERSION = YES;
				CLANG_WARN_INFINITE_RECURSION = YES;
				CLANG_WARN_INT_CONVERSION = YES;
				CLANG_WARN_NON_LITERAL_NULL_CONVERSION = YES;
				CLANG_WARN_OBJC_IMPLICIT_RETAIN_SELF = YES;
				CLANG_WARN_OBJC_LITERAL_CONVERSION = YES;
				CLANG_WARN_OBJC_ROOT_CLASS = YES_ERROR;
				CLANG_WARN_QUOTED_INCLUDE_IN_FRAMEWORK_HEADER = YES;
				CLANG_WARN_RANGE_LOOP_ANALYSIS = YES;
				CLANG_WARN_STRICT_PROTOTYPES = YES;
				CLANG_WARN_SUSPICIOUS_MOVE = YES;
				CLANG_WARN_UNGUARDED_AVAILABILITY = YES_AGGRESSIVE;
				CLANG_WARN_UNREACHABLE_CODE = YES;
				CLANG_WARN__DUPLICATE_METHOD_MATCH = YES;
				COPY_PHASE_STRIP = NO;
				DEBUG_INFORMATION_FORMAT = "dwarf-with-dsym";
				ENABLE_NS_ASSERTIONS = NO;
				ENABLE_STRICT_OBJC_MSGSEND = YES;
				GCC_C_LANGUAGE_STANDARD = gnu11;
				GCC_NO_COMMON_BLOCKS = YES;
				GCC_WARN_64_TO_32_BIT_CONVERSION = YES;
				GCC_WARN_ABOUT_RETURN_TYPE = YES_ERROR;
				GCC_WARN_UNDECLARED_SELECTOR = YES;
				GCC_WARN_UNINITIALIZED_AUTOS = YES_AGGRESSIVE;
				GCC_WARN_UNUSED_FUNCTION = YES;
				GCC_WARN_UNUSED_VARIABLE = YES;
				IPHONEOS_DEPLOYMENT_TARGET = 15.0;
				MTL_ENABLE_DEBUG_INFO = NO;
				MTL_FAST_MATH = YES;
				SDKROOT = iphoneos;
				SWIFT_COMPILATION_MODE = wholemodule;
				SWIFT_OPTIMIZATION_LEVEL = "-O";
				VALIDATE_PRODUCT = YES;
			};
			name = Release;
		};
		56F0E1FE2725323900710225 /* Debug */ = {
			isa = XCBuildConfiguration;
			buildSettings = {
				ASSETCATALOG_COMPILER_APPICON_NAME = AppIcon;
				ASSETCATALOG_COMPILER_GLOBAL_ACCENT_COLOR_NAME = AccentColor;
				CODE_SIGN_STYLE = Automatic;
				CURRENT_PROJECT_VERSION = 1;
				DEVELOPMENT_TEAM = 2VKRHK5LM7;
				GENERATE_INFOPLIST_FILE = YES;
				INFOPLIST_FILE = SaraS.Blog/Info.plist;
				INFOPLIST_KEY_UIApplicationSupportsIndirectInputEvents = YES;
				INFOPLIST_KEY_UILaunchStoryboardName = LaunchScreen;
				INFOPLIST_KEY_UISupportedInterfaceOrientations_iPad = "UIInterfaceOrientationPortrait UIInterfaceOrientationPortraitUpsideDown UIInterfaceOrientationLandscapeLeft UIInterfaceOrientationLandscapeRight";
				INFOPLIST_KEY_UISupportedInterfaceOrientations_iPhone = "UIInterfaceOrientationPortrait UIInterfaceOrientationLandscapeLeft UIInterfaceOrientationLandscapeRight";
				LD_RUNPATH_SEARCH_PATHS = (
					"$(inherited)",
					"@executable_path/Frameworks",
				);
				MARKETING_VERSION = 1.0;
				PRODUCT_BUNDLE_IDENTIFIER = "sara.sara.SaraS-Blog";
				PRODUCT_NAME = "$(TARGET_NAME)";
				SWIFT_EMIT_LOC_STRINGS = YES;
				SWIFT_VERSION = 5.0;
				TARGETED_DEVICE_FAMILY = "1,2";
			};
			name = Debug;
		};
		56F0E1FF2725323900710225 /* Release */ = {
			isa = XCBuildConfiguration;
			buildSettings = {
				ASSETCATALOG_COMPILER_APPICON_NAME = AppIcon;
				ASSETCATALOG_COMPILER_GLOBAL_ACCENT_COLOR_NAME = AccentColor;
				CODE_SIGN_STYLE = Automatic;
				CURRENT_PROJECT_VERSION = 1;
				DEVELOPMENT_TEAM = 2VKRHK5LM7;
				GENERATE_INFOPLIST_FILE = YES;
				INFOPLIST_FILE = SaraS.Blog/Info.plist;
				INFOPLIST_KEY_UIApplicationSupportsIndirectInputEvents = YES;
				INFOPLIST_KEY_UILaunchStoryboardName = LaunchScreen;
				INFOPLIST_KEY_UISupportedInterfaceOrientations_iPad = "UIInterfaceOrientationPortrait UIInterfaceOrientationPortraitUpsideDown UIInterfaceOrientationLandscapeLeft UIInterfaceOrientationLandscapeRight";
				INFOPLIST_KEY_UISupportedInterfaceOrientations_iPhone = "UIInterfaceOrientationPortrait UIInterfaceOrientationLandscapeLeft UIInterfaceOrientationLandscapeRight";
				LD_RUNPATH_SEARCH_PATHS = (
					"$(inherited)",
					"@executable_path/Frameworks",
				);
				MARKETING_VERSION = 1.0;
				PRODUCT_BUNDLE_IDENTIFIER = "sara.sara.SaraS-Blog";
				PRODUCT_NAME = "$(TARGET_NAME)";
				SWIFT_EMIT_LOC_STRINGS = YES;
				SWIFT_VERSION = 5.0;
				TARGETED_DEVICE_FAMILY = "1,2";
			};
			name = Release;
		};
/* End XCBuildConfiguration section */

/* Begin XCConfigurationList section */
		56F0E1E42725323400710225 /* Build configuration list for PBXProject "SaraS.Blog" */ = {
			isa = XCConfigurationList;
			buildConfigurations = (
				56F0E1FB2725323900710225 /* Debug */,
				56F0E1FC2725323900710225 /* Release */,
			);
			defaultConfigurationIsVisible = 0;
			defaultConfigurationName = Release;
		};
		56F0E1FD2725323900710225 /* Build configuration list for PBXNativeTarget "SaraS.Blog" */ = {
			isa = XCConfigurationList;
			buildConfigurations = (
				56F0E1FE2725323900710225 /* Debug */,
				56F0E1FF2725323900710225 /* Release */,
			);
			defaultConfigurationIsVisible = 0;
			defaultConfigurationName = Release;
		};
/* End XCConfigurationList section */
	};
	rootObject = 56F0E1E12725323400710225 /* Project object */;
}
